
Microsoft Visual Studio Solution File, Format Version 12.00
Project("{FAE04EC0-301F-11D3-BF4B-00C04F79EFBC}") = "VideoForwardingApi", "VideoForwardingApi\VideoForwardingApi.csproj", "{8EAFA456-FFAB-4629-B5B2-E53283520B5F}"
EndProject
Global
	GlobalSection(SolutionConfigurationPlatforms) = preSolution
		Debug|Any CPU = Debug|Any CPU
		Release|Any CPU = Release|Any CPU
	EndGlobalSection
	GlobalSection(ProjectConfigurationPlatforms) = postSolution
		{8EAFA456-FFAB-4629-B5B2-E53283520B5F}.Debug|Any CPU.ActiveCfg = Debug|Any CPU
		{8EAFA456-FFAB-4629-B5B2-E53283520B5F}.Debug|Any CPU.Build.0 = Debug|Any CPU
		{8EAFA456-FFAB-4629-B5B2-E53283520B5F}.Release|Any CPU.ActiveCfg = Release|Any CPU
		{8EAFA456-FFAB-4629-B5B2-E53283520B5F}.Release|Any CPU.Build.0 = Release|Any CPU
	EndGlobalSection
EndGlobal
